
Microsoft Visual Studio Solution File, Format Version 12.00
# Visual Studio Version 17
VisualStudioVersion = 17.7.34031.279
MinimumVisualStudioVersion = 10.0.40219.1
Project("{9A19103F-16F7-4668-BE54-9A1E7A4F7556}") = "MauiAppTest", "MauiAppTest\MauiAppTest.csproj", "{82973437-3BFE-4ACD-9006-49A2EB1C3A8D}"
EndProject
Global
	GlobalSection(SolutionConfigurationPlatforms) = preSolution
		Debug|Any CPU = Debug|Any CPU
		Release|Any CPU = Release|Any CPU
	EndGlobalSection
	GlobalSection(ProjectConfigurationPlatforms) = postSolution
		{82973437-3BFE-4ACD-9006-49A2EB1C3A8D}.Debug|Any CPU.ActiveCfg = Debug|Any CPU
		{82973437-3BFE-4ACD-9006-49A2EB1C3A8D}.Debug|Any CPU.Build.0 = Debug|Any CPU
		{82973437-3BFE-4ACD-9006-49A2EB1C3A8D}.Debug|Any CPU.Deploy.0 = Debug|Any CPU
		{82973437-3BFE-4ACD-9006-49A2EB1C3A8D}.Release|Any CPU.ActiveCfg = Release|Any CPU
		{82973437-3BFE-4ACD-9006-49A2EB1C3A8D}.Release|Any CPU.Build.0 = Release|Any CPU
		{82973437-3BFE-4ACD-9006-49A2EB1C3A8D}.Release|Any CPU.Deploy.0 = Release|Any CPU
	EndGlobalSection
	GlobalSection(SolutionProperties) = preSolution
		HideSolutionNode = FALSE
	EndGlobalSection
	GlobalSection(ExtensibilityGlobals) = postSolution
		SolutionGuid = {3A9F38AF-F41E-400A-A361-BF60255E7777}
	EndGlobalSection
EndGlobal
